{
  "requires": true,
  "lockfileVersion": 1,
  "dependencies": {
    "ascii-data-table": {
      "version": "2.1.1",
      "resolved": "https://registry.npmjs.org/ascii-data-table/-/ascii-data-table-2.1.1.tgz",
      "integrity": "sha1-j2L2fA8mJTOafgtWjCru2HWkEP4=",
      "requires": {
        "core-js": "2.6.5"
      }
    },
    "core-js": {
      "version": "2.6.5",
      "resolved": "https://registry.npmjs.org/core-js/-/core-js-2.6.5.tgz",
      "integrity": "sha512-klh/kDpwX8hryYL14M9w/xei6vrv6sE8gTHDG7/T/+SEovB/G4ejwcfE/CBzO6Edsu+OETZMZ3wcX/EjUkrl5A=="
    }
  }
}
